
Microsoft Visual Studio Solution File, Format Version 12.00
# Visual Studio 15
VisualStudioVersion = 15.0.28307.572
MinimumVisualStudioVersion = 10.0.40219.1
Project("{FAE04EC0-301F-11D3-BF4B-00C04F79EFBC}") = "UnixusTracking", "UnixusTracking\UnixusTracking.csproj", "{E9345166-2BC0-45B3-9A3C-761D18EC5E77}"
EndProject
Global
	GlobalSection(SolutionConfigurationPlatforms) = preSolution
		Debug|Any CPU = Debug|Any CPU
		Release|Any CPU = Release|Any CPU
	EndGlobalSection
	GlobalSection(ProjectConfigurationPlatforms) = postSolution
		{E9345166-2BC0-45B3-9A3C-761D18EC5E77}.Debug|Any CPU.ActiveCfg = Debug|Any CPU
		{E9345166-2BC0-45B3-9A3C-761D18EC5E77}.Debug|Any CPU.Build.0 = Debug|Any CPU
		{E9345166-2BC0-45B3-9A3C-761D18EC5E77}.Release|Any CPU.ActiveCfg = Release|Any CPU
		{E9345166-2BC0-45B3-9A3C-761D18EC5E77}.Release|Any CPU.Build.0 = Release|Any CPU
	EndGlobalSection
	GlobalSection(SolutionProperties) = preSolution
		HideSolutionNode = FALSE
	EndGlobalSection
	GlobalSection(ExtensibilityGlobals) = postSolution
		SolutionGuid = {50877A4C-7E28-4D1A-BD80-D26ECD9A71B2}
	EndGlobalSection
EndGlobal
